
Microsoft Visual Studio Solution File, Format Version 12.00
# Visual Studio Version 16
VisualStudioVersion = 16.0.32428.217
MinimumVisualStudioVersion = 10.0.40219.1
Project("{F184B08F-C81C-45F6-A57F-5ABD9991F28F}") = "FC_VB", "FC_VB\FC_VB.vbproj", "{CD8E53D2-B177-494B-AE08-1CEEF98E43D7}"
EndProject
Project("{F184B08F-C81C-45F6-A57F-5ABD9991F28F}") = "Entidad", "Entidad\Entidad.vbproj", "{0038009D-3994-4DE1-81E7-2BF1D7A0C940}"
EndProject
Project("{F184B08F-C81C-45F6-A57F-5ABD9991F28F}") = "Negocios", "Negocio\Negocios.vbproj", "{A2404AF7-727F-4018-AB70-712782E151C8}"
EndProject
Project("{F184B08F-C81C-45F6-A57F-5ABD9991F28F}") = "AccesoDatos", "AccesoDatos\AccesoDatos.vbproj", "{FE9F397D-FC1C-4D1F-B6C4-7B30558C5017}"
EndProject
Global
	GlobalSection(SolutionConfigurationPlatforms) = preSolution
		Debug|Any CPU = Debug|Any CPU
		Release|Any CPU = Release|Any CPU
	EndGlobalSection
	GlobalSection(ProjectConfigurationPlatforms) = postSolution
		{CD8E53D2-B177-494B-AE08-1CEEF98E43D7}.Debug|Any CPU.ActiveCfg = Debug|Any CPU
		{CD8E53D2-B177-494B-AE08-1CEEF98E43D7}.Debug|Any CPU.Build.0 = Debug|Any CPU
		{CD8E53D2-B177-494B-AE08-1CEEF98E43D7}.Release|Any CPU.ActiveCfg = Release|Any CPU
		{CD8E53D2-B177-494B-AE08-1CEEF98E43D7}.Release|Any CPU.Build.0 = Release|Any CPU
		{0038009D-3994-4DE1-81E7-2BF1D7A0C940}.Debug|Any CPU.ActiveCfg = Debug|Any CPU
		{0038009D-3994-4DE1-81E7-2BF1D7A0C940}.Debug|Any CPU.Build.0 = Debug|Any CPU
		{0038009D-3994-4DE1-81E7-2BF1D7A0C940}.Release|Any CPU.ActiveCfg = Release|Any CPU
		{0038009D-3994-4DE1-81E7-2BF1D7A0C940}.Release|Any CPU.Build.0 = Release|Any CPU
		{A2404AF7-727F-4018-AB70-712782E151C8}.Debug|Any CPU.ActiveCfg = Debug|Any CPU
		{A2404AF7-727F-4018-AB70-712782E151C8}.Debug|Any CPU.Build.0 = Debug|Any CPU
		{A2404AF7-727F-4018-AB70-712782E151C8}.Release|Any CPU.ActiveCfg = Release|Any CPU
		{A2404AF7-727F-4018-AB70-712782E151C8}.Release|Any CPU.Build.0 = Release|Any CPU
		{FE9F397D-FC1C-4D1F-B6C4-7B30558C5017}.Debug|Any CPU.ActiveCfg = Debug|Any CPU
		{FE9F397D-FC1C-4D1F-B6C4-7B30558C5017}.Debug|Any CPU.Build.0 = Debug|Any CPU
		{FE9F397D-FC1C-4D1F-B6C4-7B30558C5017}.Release|Any CPU.ActiveCfg = Release|Any CPU
		{FE9F397D-FC1C-4D1F-B6C4-7B30558C5017}.Release|Any CPU.Build.0 = Release|Any CPU
	EndGlobalSection
	GlobalSection(SolutionProperties) = preSolution
		HideSolutionNode = FALSE
	EndGlobalSection
	GlobalSection(ExtensibilityGlobals) = postSolution
		SolutionGuid = {EB885AC3-C648-4B32-AB8F-5142C726446D}
	EndGlobalSection
EndGlobal
